
Microsoft Visual Studio Solution File, Format Version 12.00
# Visual Studio Version 17
VisualStudioVersion = 17.6.33801.468
MinimumVisualStudioVersion = 10.0.40219.1
Project("{FAE04EC0-301F-11D3-BF4B-00C04F79EFBC}") = "01Lambda", "01Lambda\01Lambda.csproj", "{66B79AE3-6237-44FB-99A4-5AD65FEE62E9}"
EndProject
Project("{FAE04EC0-301F-11D3-BF4B-00C04F79EFBC}") = "02Delegati", "02Delegati\02Delegati.csproj", "{BF0E96AC-8894-4F3B-8DF9-B4BE6BE4C956}"
EndProject
Project("{FAE04EC0-301F-11D3-BF4B-00C04F79EFBC}") = "03Ekstenzije", "03Ekstenzije\03Ekstenzije.csproj", "{6801117C-6AD1-4712-8BD3-D5C2C0E04A1D}"
EndProject
Global
	GlobalSection(SolutionConfigurationPlatforms) = preSolution
		Debug|Any CPU = Debug|Any CPU
		Release|Any CPU = Release|Any CPU
	EndGlobalSection
	GlobalSection(ProjectConfigurationPlatforms) = postSolution
		{66B79AE3-6237-44FB-99A4-5AD65FEE62E9}.Debug|Any CPU.ActiveCfg = Debug|Any CPU
		{66B79AE3-6237-44FB-99A4-5AD65FEE62E9}.Debug|Any CPU.Build.0 = Debug|Any CPU
		{66B79AE3-6237-44FB-99A4-5AD65FEE62E9}.Release|Any CPU.ActiveCfg = Release|Any CPU
		{66B79AE3-6237-44FB-99A4-5AD65FEE62E9}.Release|Any CPU.Build.0 = Release|Any CPU
		{BF0E96AC-8894-4F3B-8DF9-B4BE6BE4C956}.Debug|Any CPU.ActiveCfg = Debug|Any CPU
		{BF0E96AC-8894-4F3B-8DF9-B4BE6BE4C956}.Debug|Any CPU.Build.0 = Debug|Any CPU
		{BF0E96AC-8894-4F3B-8DF9-B4BE6BE4C956}.Release|Any CPU.ActiveCfg = Release|Any CPU
		{BF0E96AC-8894-4F3B-8DF9-B4BE6BE4C956}.Release|Any CPU.Build.0 = Release|Any CPU
		{6801117C-6AD1-4712-8BD3-D5C2C0E04A1D}.Debug|Any CPU.ActiveCfg = Debug|Any CPU
		{6801117C-6AD1-4712-8BD3-D5C2C0E04A1D}.Debug|Any CPU.Build.0 = Debug|Any CPU
		{6801117C-6AD1-4712-8BD3-D5C2C0E04A1D}.Release|Any CPU.ActiveCfg = Release|Any CPU
		{6801117C-6AD1-4712-8BD3-D5C2C0E04A1D}.Release|Any CPU.Build.0 = Release|Any CPU
	EndGlobalSection
	GlobalSection(SolutionProperties) = preSolution
		HideSolutionNode = FALSE
	EndGlobalSection
	GlobalSection(ExtensibilityGlobals) = postSolution
		SolutionGuid = {DC692179-5BF0-4D00-9398-889925EF21A6}
	EndGlobalSection
EndGlobal
