
Microsoft Visual Studio Solution File, Format Version 12.00
# Visual Studio Version 17
VisualStudioVersion = 17.6.33801.468
MinimumVisualStudioVersion = 10.0.40219.1
Project("{FAE04EC0-301F-11D3-BF4B-00C04F79EFBC}") = "E01Varijable", "E01Varijable\E01Varijable.csproj", "{93CB5236-69ED-428F-863F-EDF65E4C8F45}"
EndProject
Project("{FAE04EC0-301F-11D3-BF4B-00C04F79EFBC}") = "E02UlazIzlaz", "E02UlazIzlaz\E02UlazIzlaz.csproj", "{0A5A3CDE-F9E1-4687-992F-5B6BA0183A31}"
EndProject
Project("{FAE04EC0-301F-11D3-BF4B-00C04F79EFBC}") = "E03Konverzija", "E03Konverzija\E03Konverzija.csproj", "{71CEDE85-540F-41C8-89B7-EB5F16492744}"
EndProject
Project("{FAE04EC0-301F-11D3-BF4B-00C04F79EFBC}") = "E04Operatori", "E04Operatori\E04Operatori.csproj", "{28122364-C790-4408-A4C3-854B84855C6E}"
EndProject
Global
	GlobalSection(SolutionConfigurationPlatforms) = preSolution
		Debug|Any CPU = Debug|Any CPU
		Release|Any CPU = Release|Any CPU
	EndGlobalSection
	GlobalSection(ProjectConfigurationPlatforms) = postSolution
		{93CB5236-69ED-428F-863F-EDF65E4C8F45}.Debug|Any CPU.ActiveCfg = Debug|Any CPU
		{93CB5236-69ED-428F-863F-EDF65E4C8F45}.Debug|Any CPU.Build.0 = Debug|Any CPU
		{93CB5236-69ED-428F-863F-EDF65E4C8F45}.Release|Any CPU.ActiveCfg = Release|Any CPU
		{93CB5236-69ED-428F-863F-EDF65E4C8F45}.Release|Any CPU.Build.0 = Release|Any CPU
		{0A5A3CDE-F9E1-4687-992F-5B6BA0183A31}.Debug|Any CPU.ActiveCfg = Debug|Any CPU
		{0A5A3CDE-F9E1-4687-992F-5B6BA0183A31}.Debug|Any CPU.Build.0 = Debug|Any CPU
		{0A5A3CDE-F9E1-4687-992F-5B6BA0183A31}.Release|Any CPU.ActiveCfg = Release|Any CPU
		{0A5A3CDE-F9E1-4687-992F-5B6BA0183A31}.Release|Any CPU.Build.0 = Release|Any CPU
		{71CEDE85-540F-41C8-89B7-EB5F16492744}.Debug|Any CPU.ActiveCfg = Debug|Any CPU
		{71CEDE85-540F-41C8-89B7-EB5F16492744}.Debug|Any CPU.Build.0 = Debug|Any CPU
		{71CEDE85-540F-41C8-89B7-EB5F16492744}.Release|Any CPU.ActiveCfg = Release|Any CPU
		{71CEDE85-540F-41C8-89B7-EB5F16492744}.Release|Any CPU.Build.0 = Release|Any CPU
		{28122364-C790-4408-A4C3-854B84855C6E}.Debug|Any CPU.ActiveCfg = Debug|Any CPU
		{28122364-C790-4408-A4C3-854B84855C6E}.Debug|Any CPU.Build.0 = Debug|Any CPU
		{28122364-C790-4408-A4C3-854B84855C6E}.Release|Any CPU.ActiveCfg = Release|Any CPU
		{28122364-C790-4408-A4C3-854B84855C6E}.Release|Any CPU.Build.0 = Release|Any CPU
	EndGlobalSection
	GlobalSection(SolutionProperties) = preSolution
		HideSolutionNode = FALSE
	EndGlobalSection
	GlobalSection(ExtensibilityGlobals) = postSolution
		SolutionGuid = {291EEEBB-F3AC-4CD6-A33E-C9BFB0E77B1C}
	EndGlobalSection
EndGlobal
