
Microsoft Visual Studio Solution File, Format Version 12.00
# Visual Studio Version 17
VisualStudioVersion = 17.6.33801.468
MinimumVisualStudioVersion = 10.0.40219.1
Project("{FAE04EC0-301F-11D3-BF4B-00C04F79EFBC}") = "LjetniRad", "LjetniRad\LjetniRad.csproj", "{3B7F9BE4-CB79-49B4-91F3-5CA1D0AFB743}"
EndProject
Global
	GlobalSection(SolutionConfigurationPlatforms) = preSolution
		Debug|Any CPU = Debug|Any CPU
		Release|Any CPU = Release|Any CPU
	EndGlobalSection
	GlobalSection(ProjectConfigurationPlatforms) = postSolution
		{3B7F9BE4-CB79-49B4-91F3-5CA1D0AFB743}.Debug|Any CPU.ActiveCfg = Debug|Any CPU
		{3B7F9BE4-CB79-49B4-91F3-5CA1D0AFB743}.Debug|Any CPU.Build.0 = Debug|Any CPU
		{3B7F9BE4-CB79-49B4-91F3-5CA1D0AFB743}.Release|Any CPU.ActiveCfg = Release|Any CPU
		{3B7F9BE4-CB79-49B4-91F3-5CA1D0AFB743}.Release|Any CPU.Build.0 = Release|Any CPU
	EndGlobalSection
	GlobalSection(SolutionProperties) = preSolution
		HideSolutionNode = FALSE
	EndGlobalSection
	GlobalSection(ExtensibilityGlobals) = postSolution
		SolutionGuid = {EF2BAD50-AE23-4E2A-BD09-D2BDC5B2E1FE}
	EndGlobalSection
EndGlobal
