
Microsoft Visual Studio Solution File, Format Version 12.00
# Visual Studio Version 17
VisualStudioVersion = 17.5.33530.505
MinimumVisualStudioVersion = 10.0.40219.1
Project("{FAE04EC0-301F-11D3-BF4B-00C04F79EFBC}") = "ConsoleApp01", "ConsoleApp01\ConsoleApp01.csproj", "{A0482387-67DC-4B11-9EA8-B070879BEB9B}"
EndProject
Project("{FAE04EC0-301F-11D3-BF4B-00C04F79EFBC}") = "ConsoleApp02", "ConsoleApp02\ConsoleApp02.csproj", "{5CE031CA-FF85-4930-A907-9F86F25DD2F9}"
EndProject
Project("{FAE04EC0-301F-11D3-BF4B-00C04F79EFBC}") = "ConsoleApp03", "ConsoleApp03\ConsoleApp03.csproj", "{71D23BD3-D1F6-465F-82FD-EE6BD7C78ACF}"
EndProject
Global
	GlobalSection(SolutionConfigurationPlatforms) = preSolution
		Debug|Any CPU = Debug|Any CPU
		Release|Any CPU = Release|Any CPU
	EndGlobalSection
	GlobalSection(ProjectConfigurationPlatforms) = postSolution
		{A0482387-67DC-4B11-9EA8-B070879BEB9B}.Debug|Any CPU.ActiveCfg = Debug|Any CPU
		{A0482387-67DC-4B11-9EA8-B070879BEB9B}.Debug|Any CPU.Build.0 = Debug|Any CPU
		{A0482387-67DC-4B11-9EA8-B070879BEB9B}.Release|Any CPU.ActiveCfg = Release|Any CPU
		{A0482387-67DC-4B11-9EA8-B070879BEB9B}.Release|Any CPU.Build.0 = Release|Any CPU
		{5CE031CA-FF85-4930-A907-9F86F25DD2F9}.Debug|Any CPU.ActiveCfg = Debug|Any CPU
		{5CE031CA-FF85-4930-A907-9F86F25DD2F9}.Debug|Any CPU.Build.0 = Debug|Any CPU
		{5CE031CA-FF85-4930-A907-9F86F25DD2F9}.Release|Any CPU.ActiveCfg = Release|Any CPU
		{5CE031CA-FF85-4930-A907-9F86F25DD2F9}.Release|Any CPU.Build.0 = Release|Any CPU
		{71D23BD3-D1F6-465F-82FD-EE6BD7C78ACF}.Debug|Any CPU.ActiveCfg = Debug|Any CPU
		{71D23BD3-D1F6-465F-82FD-EE6BD7C78ACF}.Debug|Any CPU.Build.0 = Debug|Any CPU
		{71D23BD3-D1F6-465F-82FD-EE6BD7C78ACF}.Release|Any CPU.ActiveCfg = Release|Any CPU
		{71D23BD3-D1F6-465F-82FD-EE6BD7C78ACF}.Release|Any CPU.Build.0 = Release|Any CPU
	EndGlobalSection
	GlobalSection(SolutionProperties) = preSolution
		HideSolutionNode = FALSE
	EndGlobalSection
	GlobalSection(ExtensibilityGlobals) = postSolution
		SolutionGuid = {2F137B4F-5F43-497D-913E-1D55417C8680}
	EndGlobalSection
EndGlobal
