
Microsoft Visual Studio Solution File, Format Version 12.00
# Visual Studio Version 17
VisualStudioVersion = 17.6.33801.468
MinimumVisualStudioVersion = 10.0.40219.1
Project("{FAE04EC0-301F-11D3-BF4B-00C04F79EFBC}") = "ConsoleApp01", "ConsoleApp01\ConsoleApp01.csproj", "{19D84CE3-1716-4965-A2BD-0644987E7604}"
EndProject
Project("{FAE04EC0-301F-11D3-BF4B-00C04F79EFBC}") = "ConsoleApp02", "ConsoleApp02\ConsoleApp02.csproj", "{623B6CE9-4CFF-4C8C-AEA3-BE184FAF5DDD}"
EndProject
Project("{FAE04EC0-301F-11D3-BF4B-00C04F79EFBC}") = "ConsoleApp03", "ConsoleApp03\ConsoleApp03.csproj", "{DAD9D9E5-3304-49DB-8B31-B66ACB81F9BB}"
EndProject
Project("{FAE04EC0-301F-11D3-BF4B-00C04F79EFBC}") = "ConsoleApp04", "ConsoleApp04\ConsoleApp04.csproj", "{DABD058F-D5FC-4E94-937A-E9C062B8C084}"
EndProject
Global
	GlobalSection(SolutionConfigurationPlatforms) = preSolution
		Debug|Any CPU = Debug|Any CPU
		Release|Any CPU = Release|Any CPU
	EndGlobalSection
	GlobalSection(ProjectConfigurationPlatforms) = postSolution
		{19D84CE3-1716-4965-A2BD-0644987E7604}.Debug|Any CPU.ActiveCfg = Debug|Any CPU
		{19D84CE3-1716-4965-A2BD-0644987E7604}.Debug|Any CPU.Build.0 = Debug|Any CPU
		{19D84CE3-1716-4965-A2BD-0644987E7604}.Release|Any CPU.ActiveCfg = Release|Any CPU
		{19D84CE3-1716-4965-A2BD-0644987E7604}.Release|Any CPU.Build.0 = Release|Any CPU
		{623B6CE9-4CFF-4C8C-AEA3-BE184FAF5DDD}.Debug|Any CPU.ActiveCfg = Debug|Any CPU
		{623B6CE9-4CFF-4C8C-AEA3-BE184FAF5DDD}.Debug|Any CPU.Build.0 = Debug|Any CPU
		{623B6CE9-4CFF-4C8C-AEA3-BE184FAF5DDD}.Release|Any CPU.ActiveCfg = Release|Any CPU
		{623B6CE9-4CFF-4C8C-AEA3-BE184FAF5DDD}.Release|Any CPU.Build.0 = Release|Any CPU
		{DAD9D9E5-3304-49DB-8B31-B66ACB81F9BB}.Debug|Any CPU.ActiveCfg = Debug|Any CPU
		{DAD9D9E5-3304-49DB-8B31-B66ACB81F9BB}.Debug|Any CPU.Build.0 = Debug|Any CPU
		{DAD9D9E5-3304-49DB-8B31-B66ACB81F9BB}.Release|Any CPU.ActiveCfg = Release|Any CPU
		{DAD9D9E5-3304-49DB-8B31-B66ACB81F9BB}.Release|Any CPU.Build.0 = Release|Any CPU
		{DABD058F-D5FC-4E94-937A-E9C062B8C084}.Debug|Any CPU.ActiveCfg = Debug|Any CPU
		{DABD058F-D5FC-4E94-937A-E9C062B8C084}.Debug|Any CPU.Build.0 = Debug|Any CPU
		{DABD058F-D5FC-4E94-937A-E9C062B8C084}.Release|Any CPU.ActiveCfg = Release|Any CPU
		{DABD058F-D5FC-4E94-937A-E9C062B8C084}.Release|Any CPU.Build.0 = Release|Any CPU
	EndGlobalSection
	GlobalSection(SolutionProperties) = preSolution
		HideSolutionNode = FALSE
	EndGlobalSection
	GlobalSection(ExtensibilityGlobals) = postSolution
		SolutionGuid = {46328929-905F-47A1-B762-A74F1B886023}
	EndGlobalSection
EndGlobal
